
Microsoft Visual Studio Solution File, Format Version 12.00
# Visual Studio Express 2012 for Windows Desktop
Project("{FAE04EC0-301F-11D3-BF4B-00C04F79EFBC}") = "Essence_graphics", "Essence_graphics\Essence_graphics.csproj", "{F693BEB8-5A80-46CD-9A80-C18C88CF245B}"
EndProject
Global
	GlobalSection(SolutionConfigurationPlatforms) = preSolution
		Debug|Any CPU = Debug|Any CPU
		Release|Any CPU = Release|Any CPU
	EndGlobalSection
	GlobalSection(ProjectConfigurationPlatforms) = postSolution
		{F693BEB8-5A80-46CD-9A80-C18C88CF245B}.Debug|Any CPU.ActiveCfg = Debug|Any CPU
		{F693BEB8-5A80-46CD-9A80-C18C88CF245B}.Debug|Any CPU.Build.0 = Debug|Any CPU
		{F693BEB8-5A80-46CD-9A80-C18C88CF245B}.Release|Any CPU.ActiveCfg = Release|Any CPU
		{F693BEB8-5A80-46CD-9A80-C18C88CF245B}.Release|Any CPU.Build.0 = Release|Any CPU
		{F693BEB8-5A80-46CD-9A80-C18C88CF245B}.Release|Any CPU.Deploy.0 = Release|Any CPU
	EndGlobalSection
	GlobalSection(SolutionProperties) = preSolution
		HideSolutionNode = FALSE
	EndGlobalSection
EndGlobal
